
Microsoft Visual Studio Solution File, Format Version 12.00
# Visual Studio Version 16
VisualStudioVersion = 16.0.29519.181
MinimumVisualStudioVersion = 10.0.40219.1
Project("{FAE04EC0-301F-11D3-BF4B-00C04F79EFBC}") = "PlanCeckerUI", "PlanCeckerUI\PlanCeckerUI.csproj", "{4B14B9F4-8123-4F33-8D16-5846A8B66074}"
EndProject
Global
	GlobalSection(SolutionConfigurationPlatforms) = preSolution
		Debug|Any CPU = Debug|Any CPU
		Debug|x64 = Debug|x64
		Release|Any CPU = Release|Any CPU
		Release|x64 = Release|x64
	EndGlobalSection
	GlobalSection(ProjectConfigurationPlatforms) = postSolution
		{4B14B9F4-8123-4F33-8D16-5846A8B66074}.Debug|Any CPU.ActiveCfg = Debug|Any CPU
		{4B14B9F4-8123-4F33-8D16-5846A8B66074}.Debug|Any CPU.Build.0 = Debug|Any CPU
		{4B14B9F4-8123-4F33-8D16-5846A8B66074}.Debug|x64.ActiveCfg = Debug|x64
		{4B14B9F4-8123-4F33-8D16-5846A8B66074}.Debug|x64.Build.0 = Debug|x64
		{4B14B9F4-8123-4F33-8D16-5846A8B66074}.Release|Any CPU.ActiveCfg = Release|Any CPU
		{4B14B9F4-8123-4F33-8D16-5846A8B66074}.Release|Any CPU.Build.0 = Release|Any CPU
		{4B14B9F4-8123-4F33-8D16-5846A8B66074}.Release|x64.ActiveCfg = Release|x64
		{4B14B9F4-8123-4F33-8D16-5846A8B66074}.Release|x64.Build.0 = Release|x64
	EndGlobalSection
	GlobalSection(SolutionProperties) = preSolution
		HideSolutionNode = FALSE
	EndGlobalSection
	GlobalSection(ExtensibilityGlobals) = postSolution
		SolutionGuid = {09580CCC-5829-493D-88F8-E0A4B70C2303}
	EndGlobalSection
EndGlobal
